
Microsoft Visual Studio Solution File, Format Version 12.00
# Visual Studio Version 16
VisualStudioVersion = 16.0.808.4
MinimumVisualStudioVersion = 10.0.40219.1
Project("{FAE04EC0-301F-11D3-BF4B-00C04F79EFBC}") = "TweakScaleCompanion_Frameworks", "Source\TweakScaleCompanion_Frameworks\TweakScaleCompanion_Frameworks.csproj", "{4A788998-5329-475F-BE34-1521F5DF78EB}"
EndProject
Project("{FAE04EC0-301F-11D3-BF4B-00C04F79EFBC}") = "TweakScalerWaterfallFX", "Source\TweakScalerWaterfallFX\TweakScalerWaterfallFX.csproj", "{AB40E88E-D360-4EC4-8676-8A0B7225FD02}"
EndProject
Project("{FAE04EC0-301F-11D3-BF4B-00C04F79EFBC}") = "TweakScalerWaterfallFXIntegrator", "Source\TweakScalerWaterfallFXIntegrator\TweakScalerWaterfallFXIntegrator.csproj", "{34D80B61-6B7C-4CC0-AF9E-0BFC452026BF}"
EndProject
Project("{FAE04EC0-301F-11D3-BF4B-00C04F79EFBC}") = "TweakScalerTestFlightCore", "Source\TweakScalerTestFlightCore\TweakScalerTestFlightCore.csproj", "{C36749C4-A5E2-4C6B-87F6-404D0DB09EE5}"
EndProject
Project("{FAE04EC0-301F-11D3-BF4B-00C04F79EFBC}") = "TweakScalerTestFlightCoreRescalable", "Source\TweakScalerTestFlightCoreRescalable\TweakScalerTestFlightCoreRescalable.csproj", "{6C7071F1-A9CC-4C57-98BD-90521B51A47A}"
EndProject
Global
	GlobalSection(SolutionConfigurationPlatforms) = preSolution
		Debug|Any CPU = Debug|Any CPU
		Release|Any CPU = Release|Any CPU
	EndGlobalSection
	GlobalSection(ProjectConfigurationPlatforms) = postSolution
		{4A788998-5329-475F-BE34-1521F5DF78EB}.Debug|Any CPU.ActiveCfg = Debug|Any CPU
		{4A788998-5329-475F-BE34-1521F5DF78EB}.Debug|Any CPU.Build.0 = Debug|Any CPU
		{4A788998-5329-475F-BE34-1521F5DF78EB}.Release|Any CPU.ActiveCfg = Release|Any CPU
		{4A788998-5329-475F-BE34-1521F5DF78EB}.Release|Any CPU.Build.0 = Release|Any CPU
		{AB40E88E-D360-4EC4-8676-8A0B7225FD02}.Debug|Any CPU.ActiveCfg = Debug|Any CPU
		{AB40E88E-D360-4EC4-8676-8A0B7225FD02}.Debug|Any CPU.Build.0 = Debug|Any CPU
		{AB40E88E-D360-4EC4-8676-8A0B7225FD02}.Release|Any CPU.ActiveCfg = Release|Any CPU
		{AB40E88E-D360-4EC4-8676-8A0B7225FD02}.Release|Any CPU.Build.0 = Release|Any CPU
		{34D80B61-6B7C-4CC0-AF9E-0BFC452026BF}.Debug|Any CPU.ActiveCfg = Debug|Any CPU
		{34D80B61-6B7C-4CC0-AF9E-0BFC452026BF}.Debug|Any CPU.Build.0 = Debug|Any CPU
		{34D80B61-6B7C-4CC0-AF9E-0BFC452026BF}.Release|Any CPU.ActiveCfg = Release|Any CPU
		{34D80B61-6B7C-4CC0-AF9E-0BFC452026BF}.Release|Any CPU.Build.0 = Release|Any CPU
		{C36749C4-A5E2-4C6B-87F6-404D0DB09EE5}.Debug|Any CPU.ActiveCfg = Debug|Any CPU
		{C36749C4-A5E2-4C6B-87F6-404D0DB09EE5}.Debug|Any CPU.Build.0 = Debug|Any CPU
		{C36749C4-A5E2-4C6B-87F6-404D0DB09EE5}.Release|Any CPU.ActiveCfg = Release|Any CPU
		{C36749C4-A5E2-4C6B-87F6-404D0DB09EE5}.Release|Any CPU.Build.0 = Release|Any CPU
		{6C7071F1-A9CC-4C57-98BD-90521B51A47A}.Debug|Any CPU.ActiveCfg = Debug|Any CPU
		{6C7071F1-A9CC-4C57-98BD-90521B51A47A}.Debug|Any CPU.Build.0 = Debug|Any CPU
		{6C7071F1-A9CC-4C57-98BD-90521B51A47A}.Release|Any CPU.ActiveCfg = Release|Any CPU
		{6C7071F1-A9CC-4C57-98BD-90521B51A47A}.Release|Any CPU.Build.0 = Release|Any CPU
	EndGlobalSection
	GlobalSection(SolutionProperties) = preSolution
		HideSolutionNode = FALSE
	EndGlobalSection
	GlobalSection(ExtensibilityGlobals) = postSolution
		SolutionGuid = {9D8379CD-29F4-4D25-A81F-4190265AD2B1}
	EndGlobalSection
	GlobalSection(MonoDevelopProperties) = preSolution
		Policies = $0
		$0.TextStylePolicy = $1
		$1.inheritsSet = null
		$1.scope = text/x-csharp
		$0.CSharpFormattingPolicy = $2
		$2.SpaceAfterColonInBaseTypeDeclaration = False
		$2.SpaceAfterSemicolonsInForStatement = False
		$2.SpaceBeforeColonInBaseTypeDeclaration = False
		$2.scope = text/x-csharp
		$0.TextStylePolicy = $3
		$3.FileWidth = 132
		$3.scope = text/plain
	EndGlobalSection
EndGlobal
