
Microsoft Visual Studio Solution File, Format Version 12.00
# Visual Studio Version 16
VisualStudioVersion = 16.0.808.4
MinimumVisualStudioVersion = 10.0.40219.1
Project("{FAE04EC0-301F-11D3-BF4B-00C04F79EFBC}") = "TweakScaleCompanion_Visuals", "Source\TweakScaleCompanion_Visuals\TweakScaleCompanion_Visuals.csproj", "{4A788998-5329-475F-BE34-1521F5DF78EB}"
EndProject
Project("{FAE04EC0-301F-11D3-BF4B-00C04F79EFBC}") = "TweakScalerModuleWaterfallFX", "Source\TweakScalerWaterfallFX\TweakScalerWaterfallFX.csproj", "{AB40E88E-D360-4EC4-8676-8A0B7225FD02}"
EndProject
Global
	GlobalSection(SolutionConfigurationPlatforms) = preSolution
		Debug|Any CPU = Debug|Any CPU
		Release|Any CPU = Release|Any CPU
	EndGlobalSection
	GlobalSection(ProjectConfigurationPlatforms) = postSolution
		{4A788998-5329-475F-BE34-1521F5DF78EB}.Debug|Any CPU.ActiveCfg = Debug|Any CPU
		{4A788998-5329-475F-BE34-1521F5DF78EB}.Debug|Any CPU.Build.0 = Debug|Any CPU
		{4A788998-5329-475F-BE34-1521F5DF78EB}.Release|Any CPU.ActiveCfg = Release|Any CPU
		{4A788998-5329-475F-BE34-1521F5DF78EB}.Release|Any CPU.Build.0 = Release|Any CPU
		{AB40E88E-D360-4EC4-8676-8A0B7225FD02}.Debug|Any CPU.ActiveCfg = Debug|Any CPU
		{AB40E88E-D360-4EC4-8676-8A0B7225FD02}.Debug|Any CPU.Build.0 = Debug|Any CPU
		{AB40E88E-D360-4EC4-8676-8A0B7225FD02}.Release|Any CPU.ActiveCfg = Release|Any CPU
		{AB40E88E-D360-4EC4-8676-8A0B7225FD02}.Release|Any CPU.Build.0 = Release|Any CPU
	EndGlobalSection
	GlobalSection(SolutionProperties) = preSolution
		HideSolutionNode = FALSE
	EndGlobalSection
	GlobalSection(ExtensibilityGlobals) = postSolution
		SolutionGuid = {9D8379CD-29F4-4D25-A81F-4190265AD2B1}
	EndGlobalSection
EndGlobal
